
Microsoft Visual Studio Solution File, Format Version 12.00
# Visual Studio Version 17
VisualStudioVersion = 17.9.34728.123
MinimumVisualStudioVersion = 10.0.40219.1
Project("{FAE04EC0-301F-11D3-BF4B-00C04F79EFBC}") = "PWA_PN", "PWA_PN.csproj", "{0572880C-78E8-4ABC-9BCA-C6DEAFCBC580}"
EndProject
Global
	GlobalSection(SolutionConfigurationPlatforms) = preSolution
		Debug|Any CPU = Debug|Any CPU
		Release|Any CPU = Release|Any CPU
	EndGlobalSection
	GlobalSection(ProjectConfigurationPlatforms) = postSolution
		{0572880C-78E8-4ABC-9BCA-C6DEAFCBC580}.Debug|Any CPU.ActiveCfg = Debug|Any CPU
		{0572880C-78E8-4ABC-9BCA-C6DEAFCBC580}.Debug|Any CPU.Build.0 = Debug|Any CPU
		{0572880C-78E8-4ABC-9BCA-C6DEAFCBC580}.Release|Any CPU.ActiveCfg = Release|Any CPU
		{0572880C-78E8-4ABC-9BCA-C6DEAFCBC580}.Release|Any CPU.Build.0 = Release|Any CPU
	EndGlobalSection
	GlobalSection(SolutionProperties) = preSolution
		HideSolutionNode = FALSE
	EndGlobalSection
	GlobalSection(ExtensibilityGlobals) = postSolution
		SolutionGuid = {2DB3D18F-0297-4FBC-AA64-42AEFCB63282}
	EndGlobalSection
EndGlobal
